Microsoft Visual Studio Solution File, Format Version 11.00
# Visual Studio 2008

Project("{9428F6C9-7793-B50B-97DD-7E7870A921A1}") = "Gangster Simulator", "Assembly-CSharp.csproj", "{54F1FF67-2FA1-9E38-DCE8-64D63E9212B0}"
EndProject
Global
	GlobalSection(SolutionConfigurationPlatforms) = preSolution
		Debug|Any CPU = Debug|Any CPU
		Release|Any CPU = Release|Any CPU
	EndGlobalSection
	GlobalSection(ProjectConfigurationPlatforms) = postSolution
		{54F1FF67-2FA1-9E38-DCE8-64D63E9212B0}.Debug|Any CPU.ActiveCfg = Debug|Any CPU
		{54F1FF67-2FA1-9E38-DCE8-64D63E9212B0}.Debug|Any CPU.Build.0 = Debug|Any CPU
		{54F1FF67-2FA1-9E38-DCE8-64D63E9212B0}.Release|Any CPU.ActiveCfg = Release|Any CPU
		{54F1FF67-2FA1-9E38-DCE8-64D63E9212B0}.Release|Any CPU.Build.0 = Release|Any CPU
	EndGlobalSection
	GlobalSection(SolutionProperties) = preSolution
		HideSolutionNode = FALSE
	EndGlobalSection
	GlobalSection(MonoDevelopProperties) = preSolution
		StartupItem = Assembly-CSharp.csproj
	EndGlobalSection
EndGlobal
